{
  "name": "nodejs14.x-app1",
  "version": "1.0.0",
  "lockfileVersion": 3,
  "requires": true,
  "packages": {
    "": {
      "name": "nodejs14.x-app1",
      "version": "1.0.0",
      "dependencies": {
        "requests": "^0.3.0"
      }
    },
    "node_modules/axo": {
      "version": "0.0.2",
      "resolved": "https://registry.npmjs.org/axo/-/axo-0.0.2.tgz",
      "integrity": "sha512-8CC4Mb+OhK97UEng0PgiqUDNZjzVcWDsV+G2vLYCQn1jEL7y6VqiRVlZlRu+aA/ckSznmNzW6X1I6nj2As/haQ==",
      "license": "MIT"
    },
    "node_modules/eventemitter3": {
      "version": "4.0.7",
      "resolved": "https://registry.npmjs.org/eventemitter3/-/eventemitter3-4.0.7.tgz",
      "integrity": "sha512-8guHBZCwKnFhYdHr2ysuRWErTwhoN2X8XELRlrRwpmfeY2jjuUN4taQMsULKUVo1K4DvZl+0pgfyoysHxvmvEw==",
      "license": "MIT"
    },
    "node_modules/extendible": {
      "version": "0.1.1",
      "resolved": "https://registry.npmjs.org/extendible/-/extendible-0.1.1.tgz",
      "integrity": "sha512-AglckQA0TJV8/ZmhQcNmaaFcFFPXFIoZbfuoQOlGDK7Jh/roWotYzJ7ik1FBBCHBr8n7CgTR8lXXPAN8Rfb7rw==",
      "license": "MIT"
    },
    "node_modules/failure": {
      "version": "1.1.1",
      "resolved": "https://registry.npmjs.org/failure/-/failure-1.1.1.tgz",
      "integrity": "sha512-lzrrk0NUfjVeU3jLmfU01zP5bfg4XVFxHREYGvgJowaCqHLSQtqIGENH/CU+oSs6yfYObdSM7b9UY/3p2VJOSg==",
      "license": "MIT"
    },
    "node_modules/hang": {
      "version": "1.0.0",
      "resolved": "https://registry.npmjs.org/hang/-/hang-1.0.0.tgz",
      "integrity": "sha512-vtBz98Bt/Tbm03cZO5Ymc7ZL8ead/jIx9T5Wg/xuz+9BXPAJNJSdGQW63LoaesogUQKTpHyal339hxTaTf/APg==",
      "license": "MIT"
    },
    "node_modules/loads": {
      "version": "0.0.4",
      "resolved": "https://registry.npmjs.org/loads/-/loads-0.0.4.tgz",
      "integrity": "sha512-XjPzzYIHkuMNqYyvh6AECQAHi682nyKO9TMdMYnaz7QbPDI/KIeSIjRhAlXIbRMPYAgtLUYgPlD3mtKZ4Q8SYA==",
      "license": "MIT",
      "dependencies": {
        "failure": "1.1.x",
        "one-time": "0.0.x",
        "xhr-response": "1.0.x",
        "xhr-status": "1.0.x"
      }
    },
    "node_modules/node-http-xhr": {
      "version": "1.3.4",
      "resolved": "https://registry.npmjs.org/node-http-xhr/-/node-http-xhr-1.3.4.tgz",
      "integrity": "sha512-0bA08/2RKWxw6pMkOVd3KP+0F5+ifQLMMTDxrCgxlgkoU1N8DhCbCSAYEqpgaVYM2smvbVVewiXjW+8AyoLfxQ==",
      "license": "ISC"
    },
    "node_modules/one-time": {
      "version": "0.0.4",
      "resolved": "https://registry.npmjs.org/one-time/-/one-time-0.0.4.tgz",
      "integrity": "sha512-qAMrwuk2xLEutlASoiPiAMW3EN3K96Ka/ilSXYr6qR1zSVXw2j7+yDSqGTC4T9apfLYxM3tLLjKvgPdAUK7kYQ==",
      "license": "MIT"
    },
    "node_modules/requests": {
      "version": "0.3.0",
      "resolved": "https://registry.npmjs.org/requests/-/requests-0.3.0.tgz",
      "integrity": "sha512-1B6nkiHjC1O1cSgFhEwkc+xd8vuj04h7xSmCg5yI8nmhCIKbPkX47od8erQ2pokBt5qxUO7dwP4jplXD6k6ISA==",
      "license": "MIT",
      "dependencies": {
        "axo": "0.0.x",
        "eventemitter3": "~4.0.0",
        "extendible": "0.1.x",
        "hang": "1.0.x",
        "loads": "0.0.x",
        "node-http-xhr": "~1.3.0",
        "xhr-send": "1.0.x"
      }
    },
    "node_modules/xhr-response": {
      "version": "1.0.1",
      "resolved": "https://registry.npmjs.org/xhr-response/-/xhr-response-1.0.1.tgz",
      "integrity": "sha512-m2FlVRCl3VqDcpc8UaWZJpwuHpFR2vYeXv6ipXU2Uuu4vNKFYVEFI0emuJN370Fge+JCbiAnS+JJmSoWVmWrjQ==",
      "license": "MIT"
    },
    "node_modules/xhr-send": {
      "version": "1.0.0",
      "resolved": "https://registry.npmjs.org/xhr-send/-/xhr-send-1.0.0.tgz",
      "integrity": "sha512-789EG4qW6Z0nPvG74AV3WWQCnBG5HxJXNiBsnEivZ8OpbvVA0amH0+g+MNT99o5kt/XLdRezm5KS1wJzcGJztw==",
      "license": "MIT"
    },
    "node_modules/xhr-status": {
      "version": "1.0.1",
      "resolved": "https://registry.npmjs.org/xhr-status/-/xhr-status-1.0.1.tgz",
      "integrity": "sha512-VF0WSqtmkf56OmF26LCWsWvRb1a+WYGdHDoQnPPCVUQTM8CVUAOBcUDsm7nP7SQcgEEdrvF4DmhEADuXdGieyw==",
      "license": "MIT"
    }
  }
}
