{
  "name": "nodejs14.x-app1",
  "version": "1.0.0",
  "lockfileVersion": 1,
  "requires": true,
  "dependencies": {
    "axo": {
      "version": "0.0.2",
      "resolved": "https://registry.npmjs.org/axo/-/axo-0.0.2.tgz",
      "integrity": "sha512-8CC4Mb+OhK97UEng0PgiqUDNZjzVcWDsV+G2vLYCQn1jEL7y6VqiRVlZlRu+aA/ckSznmNzW6X1I6nj2As/haQ=="
    },
    "eventemitter3": {
      "version": "2.0.3",
      "resolved": "https://registry.npmjs.org/eventemitter3/-/eventemitter3-2.0.3.tgz",
      "integrity": "sha512-jLN68Dx5kyFHaePoXWPsCGW5qdyZQtLYHkxkg02/Mz6g0kYpDx4FyP6XfArhQdlOC4b8Mv+EMxPo/8La7Tzghg=="
    },
    "extendible": {
      "version": "0.1.1",
      "resolved": "https://registry.npmjs.org/extendible/-/extendible-0.1.1.tgz",
      "integrity": "sha512-AglckQA0TJV8/ZmhQcNmaaFcFFPXFIoZbfuoQOlGDK7Jh/roWotYzJ7ik1FBBCHBr8n7CgTR8lXXPAN8Rfb7rw=="
    },
    "failure": {
      "version": "1.1.1",
      "resolved": "https://registry.npmjs.org/failure/-/failure-1.1.1.tgz",
      "integrity": "sha512-lzrrk0NUfjVeU3jLmfU01zP5bfg4XVFxHREYGvgJowaCqHLSQtqIGENH/CU+oSs6yfYObdSM7b9UY/3p2VJOSg=="
    },
    "hang": {
      "version": "1.0.0",
      "resolved": "https://registry.npmjs.org/hang/-/hang-1.0.0.tgz",
      "integrity": "sha512-vtBz98Bt/Tbm03cZO5Ymc7ZL8ead/jIx9T5Wg/xuz+9BXPAJNJSdGQW63LoaesogUQKTpHyal339hxTaTf/APg=="
    },
    "loads": {
      "version": "0.0.4",
      "resolved": "https://registry.npmjs.org/loads/-/loads-0.0.4.tgz",
      "integrity": "sha512-XjPzzYIHkuMNqYyvh6AECQAHi682nyKO9TMdMYnaz7QbPDI/KIeSIjRhAlXIbRMPYAgtLUYgPlD3mtKZ4Q8SYA==",
      "requires": {
        "failure": "1.1.x",
        "one-time": "0.0.x",
        "xhr-response": "1.0.x",
        "xhr-status": "1.0.x"
      }
    },
    "node-http-xhr": {
      "version": "1.2.1",
      "resolved": "https://registry.npmjs.org/node-http-xhr/-/node-http-xhr-1.2.1.tgz",
      "integrity": "sha512-eRKOQNY8V2BNp/P8A2A+eVwprVFI64ciunsBimQ4WBb1m841vn7ksDRGlmWBCyE/tLRoPwvH/sUig9krKMehwA=="
    },
    "one-time": {
      "version": "0.0.4",
      "resolved": "https://registry.npmjs.org/one-time/-/one-time-0.0.4.tgz",
      "integrity": "sha512-qAMrwuk2xLEutlASoiPiAMW3EN3K96Ka/ilSXYr6qR1zSVXw2j7+yDSqGTC4T9apfLYxM3tLLjKvgPdAUK7kYQ=="
    },
    "requests": {
      "version": "0.2.1",
      "resolved": "https://registry.npmjs.org/requests/-/requests-0.2.1.tgz",
      "integrity": "sha512-SlvQm7cl4z285qs5ZrthHjr4TI0Ngb0pzX4jLzSOr7rsA4AlFj+0qhkzF3zKsVBFuU+HseU+iUz4qBA6bV087Q==",
      "requires": {
        "axo": "0.0.x",
        "eventemitter3": "~2.0.2",
        "extendible": "0.1.x",
        "hang": "1.0.x",
        "loads": "0.0.x",
        "node-http-xhr": "~1.2.1",
        "xhr-send": "1.0.x"
      }
    },
    "xhr-response": {
      "version": "1.0.1",
      "resolved": "https://registry.npmjs.org/xhr-response/-/xhr-response-1.0.1.tgz",
      "integrity": "sha512-m2FlVRCl3VqDcpc8UaWZJpwuHpFR2vYeXv6ipXU2Uuu4vNKFYVEFI0emuJN370Fge+JCbiAnS+JJmSoWVmWrjQ=="
    },
    "xhr-send": {
      "version": "1.0.0",
      "resolved": "https://registry.npmjs.org/xhr-send/-/xhr-send-1.0.0.tgz",
      "integrity": "sha512-789EG4qW6Z0nPvG74AV3WWQCnBG5HxJXNiBsnEivZ8OpbvVA0amH0+g+MNT99o5kt/XLdRezm5KS1wJzcGJztw=="
    },
    "xhr-status": {
      "version": "1.0.1",
      "resolved": "https://registry.npmjs.org/xhr-status/-/xhr-status-1.0.1.tgz",
      "integrity": "sha512-VF0WSqtmkf56OmF26LCWsWvRb1a+WYGdHDoQnPPCVUQTM8CVUAOBcUDsm7nP7SQcgEEdrvF4DmhEADuXdGieyw=="
    }
  }
}
